
Microsoft Visual Studio Solution File, Format Version 12.00
# Visual Studio Version 16
VisualStudioVersion = 16.0.30011.22
MinimumVisualStudioVersion = 10.0.40219.1
Project("{8BC9CEB8-8B4A-11D0-8D11-00A0C91BC942}") = "Sandbox", "Sandbox\Sandbox.vcxproj", "{DFBAA00A-28C7-426B-8AFA-6133E5117C6E}"
EndProject
Project("{8BC9CEB8-8B4A-11D0-8D11-00A0C91BC942}") = "Chaotic", "Chaotic\Chaotic.vcxproj", "{A6171BAD-3F14-40BE-AAD4-D30119B8DB6C}"
EndProject
Global
	GlobalSection(SolutionConfigurationPlatforms) = preSolution
		Debug|x64 = Debug|x64
		Release|x64 = Release|x64
	EndGlobalSection
	GlobalSection(ProjectConfigurationPlatforms) = postSolution
		{A6171BAD-3F14-40BE-AAD4-D30119B8DB6C}.Debug|x64.ActiveCfg = Debug|x64
		{A6171BAD-3F14-40BE-AAD4-D30119B8DB6C}.Debug|x64.Build.0 = Debug|x64
		{A6171BAD-3F14-40BE-AAD4-D30119B8DB6C}.Release|x64.ActiveCfg = Release|x64
		{A6171BAD-3F14-40BE-AAD4-D30119B8DB6C}.Release|x64.Build.0 = Release|x64
		{DFBAA00A-28C7-426B-8AFA-6133E5117C6E}.Debug|x64.ActiveCfg = Debug|x64
		{DFBAA00A-28C7-426B-8AFA-6133E5117C6E}.Debug|x64.Build.0 = Debug|x64
		{DFBAA00A-28C7-426B-8AFA-6133E5117C6E}.Release|x64.ActiveCfg = Release|x64
		{DFBAA00A-28C7-426B-8AFA-6133E5117C6E}.Release|x64.Build.0 = Release|x64
	EndGlobalSection
	GlobalSection(SolutionProperties) = preSolution
		HideSolutionNode = FALSE
	EndGlobalSection
	GlobalSection(ExtensibilityGlobals) = postSolution
		SolutionGuid = {AFAA8DCE-51B1-4EAB-A545-41C7CC9B53A9}
	EndGlobalSection
EndGlobal
